
Microsoft Visual Studio Solution File, Format Version 12.00
# Visual Studio 2012
Project("{FAE04EC0-301F-11D3-BF4B-00C04F79EFBC}") = "Giga.Log", "Giga.Log\Giga.Log.csproj", "{6FF12085-5968-4C5A-A228-568603075BC5}"
EndProject
Project("{FAE04EC0-301F-11D3-BF4B-00C04F79EFBC}") = "Giga.Test", "Giga.Test\Giga.Test.csproj", "{DD21114E-0E5D-4A8C-9E72-19F27E6B874F}"
EndProject
Project("{FAE04EC0-301F-11D3-BF4B-00C04F79EFBC}") = "Giga.User", "Giga.User\Giga.User.csproj", "{F51B8071-2AC1-4C2F-A9D9-12AC74080B6E}"
EndProject
Project("{FAE04EC0-301F-11D3-BF4B-00C04F79EFBC}") = "Giga.Common", "Giga.Common\Giga.Common.csproj", "{4FD8B37C-226F-4530-B952-9899B46ED875}"
EndProject
Project("{FAE04EC0-301F-11D3-BF4B-00C04F79EFBC}") = "Giga.Services", "Giga.Services\Giga.Services.csproj", "{4BFB1682-8E4A-4D71-8A66-99F27BC04D42}"
EndProject
Project("{FAE04EC0-301F-11D3-BF4B-00C04F79EFBC}") = "Giga.Web", "Giga.Web\Giga.Web.csproj", "{27299595-228D-43EA-BDEB-EEB62B1D428E}"
EndProject
Project("{FAE04EC0-301F-11D3-BF4B-00C04F79EFBC}") = "Giga.Transformer", "Giga.Transformer\Giga.Transformer.csproj", "{23CF2A6B-FBD5-4B11-AB37-65AC18FFAB9F}"
EndProject
Global
	GlobalSection(SolutionConfigurationPlatforms) = preSolution
		Debug|Any CPU = Debug|Any CPU
		Release|Any CPU = Release|Any CPU
	EndGlobalSection
	GlobalSection(ProjectConfigurationPlatforms) = postSolution
		{6FF12085-5968-4C5A-A228-568603075BC5}.Debug|Any CPU.ActiveCfg = Debug|Any CPU
		{6FF12085-5968-4C5A-A228-568603075BC5}.Debug|Any CPU.Build.0 = Debug|Any CPU
		{6FF12085-5968-4C5A-A228-568603075BC5}.Release|Any CPU.ActiveCfg = Release|Any CPU
		{6FF12085-5968-4C5A-A228-568603075BC5}.Release|Any CPU.Build.0 = Release|Any CPU
		{DD21114E-0E5D-4A8C-9E72-19F27E6B874F}.Debug|Any CPU.ActiveCfg = Debug|Any CPU
		{DD21114E-0E5D-4A8C-9E72-19F27E6B874F}.Debug|Any CPU.Build.0 = Debug|Any CPU
		{DD21114E-0E5D-4A8C-9E72-19F27E6B874F}.Release|Any CPU.ActiveCfg = Release|Any CPU
		{DD21114E-0E5D-4A8C-9E72-19F27E6B874F}.Release|Any CPU.Build.0 = Release|Any CPU
		{F51B8071-2AC1-4C2F-A9D9-12AC74080B6E}.Debug|Any CPU.ActiveCfg = Debug|Any CPU
		{F51B8071-2AC1-4C2F-A9D9-12AC74080B6E}.Debug|Any CPU.Build.0 = Debug|Any CPU
		{F51B8071-2AC1-4C2F-A9D9-12AC74080B6E}.Release|Any CPU.ActiveCfg = Release|Any CPU
		{F51B8071-2AC1-4C2F-A9D9-12AC74080B6E}.Release|Any CPU.Build.0 = Release|Any CPU
		{4FD8B37C-226F-4530-B952-9899B46ED875}.Debug|Any CPU.ActiveCfg = Debug|Any CPU
		{4FD8B37C-226F-4530-B952-9899B46ED875}.Debug|Any CPU.Build.0 = Debug|Any CPU
		{4FD8B37C-226F-4530-B952-9899B46ED875}.Release|Any CPU.ActiveCfg = Release|Any CPU
		{4FD8B37C-226F-4530-B952-9899B46ED875}.Release|Any CPU.Build.0 = Release|Any CPU
		{4BFB1682-8E4A-4D71-8A66-99F27BC04D42}.Debug|Any CPU.ActiveCfg = Debug|Any CPU
		{4BFB1682-8E4A-4D71-8A66-99F27BC04D42}.Debug|Any CPU.Build.0 = Debug|Any CPU
		{4BFB1682-8E4A-4D71-8A66-99F27BC04D42}.Release|Any CPU.ActiveCfg = Release|Any CPU
		{4BFB1682-8E4A-4D71-8A66-99F27BC04D42}.Release|Any CPU.Build.0 = Release|Any CPU
		{27299595-228D-43EA-BDEB-EEB62B1D428E}.Debug|Any CPU.ActiveCfg = Debug|Any CPU
		{27299595-228D-43EA-BDEB-EEB62B1D428E}.Debug|Any CPU.Build.0 = Debug|Any CPU
		{27299595-228D-43EA-BDEB-EEB62B1D428E}.Release|Any CPU.ActiveCfg = Release|Any CPU
		{27299595-228D-43EA-BDEB-EEB62B1D428E}.Release|Any CPU.Build.0 = Release|Any CPU
		{23CF2A6B-FBD5-4B11-AB37-65AC18FFAB9F}.Debug|Any CPU.ActiveCfg = Debug|Any CPU
		{23CF2A6B-FBD5-4B11-AB37-65AC18FFAB9F}.Debug|Any CPU.Build.0 = Debug|Any CPU
		{23CF2A6B-FBD5-4B11-AB37-65AC18FFAB9F}.Release|Any CPU.ActiveCfg = Release|Any CPU
		{23CF2A6B-FBD5-4B11-AB37-65AC18FFAB9F}.Release|Any CPU.Build.0 = Release|Any CPU
	EndGlobalSection
	GlobalSection(SolutionProperties) = preSolution
		HideSolutionNode = FALSE
	EndGlobalSection
EndGlobal
